
Microsoft Visual Studio Solution File, Format Version 12.00
# Visual Studio Version 17
VisualStudioVersion = 17.4.33122.133
MinimumVisualStudioVersion = 10.0.40219.1
Project("{9A19103F-16F7-4668-BE54-9A1E7A4F7556}") = "MyApp.Api", "MyApp.Api\MyApp.Api.csproj", "{4BE0C65E-0BC8-4F5F-8026-70591BC3417A}"
EndProject
Global
	GlobalSection(SolutionConfigurationPlatforms) = preSolution
		Debug|Any CPU = Debug|Any CPU
		Release|Any CPU = Release|Any CPU
	EndGlobalSection
	GlobalSection(ProjectConfigurationPlatforms) = postSolution
		{4BE0C65E-0BC8-4F5F-8026-70591BC3417A}.Debug|Any CPU.ActiveCfg = Debug|Any CPU
		{4BE0C65E-0BC8-4F5F-8026-70591BC3417A}.Debug|Any CPU.Build.0 = Debug|Any CPU
		{4BE0C65E-0BC8-4F5F-8026-70591BC3417A}.Release|Any CPU.ActiveCfg = Release|Any CPU
		{4BE0C65E-0BC8-4F5F-8026-70591BC3417A}.Release|Any CPU.Build.0 = Release|Any CPU
	EndGlobalSection
	GlobalSection(SolutionProperties) = preSolution
		HideSolutionNode = FALSE
	EndGlobalSection
	GlobalSection(ExtensibilityGlobals) = postSolution
		SolutionGuid = {99E1E673-8947-4441-ACE9-C0576301A663}
	EndGlobalSection
EndGlobal
